
Microsoft Visual Studio Solution File, Format Version 12.00
# Visual Studio 15
VisualStudioVersion = 15.0.27130.2036
MinimumVisualStudioVersion = 10.0.40219.1
Project("{FAE04EC0-301F-11D3-BF4B-00C04F79EFBC}") = "SmppClient.Core", "SmppClient.Core\SmppClient.Core.csproj", "{A228107F-E134-483F-A700-486E29A2252D}"
EndProject
Global
	GlobalSection(SolutionConfigurationPlatforms) = preSolution
		Debug|Any CPU = Debug|Any CPU
		Release|Any CPU = Release|Any CPU
	EndGlobalSection
	GlobalSection(ProjectConfigurationPlatforms) = postSolution
		{A228107F-E134-483F-A700-486E29A2252D}.Debug|Any CPU.ActiveCfg = Debug|Any CPU
		{A228107F-E134-483F-A700-486E29A2252D}.Debug|Any CPU.Build.0 = Debug|Any CPU
		{A228107F-E134-483F-A700-486E29A2252D}.Release|Any CPU.ActiveCfg = Release|Any CPU
		{A228107F-E134-483F-A700-486E29A2252D}.Release|Any CPU.Build.0 = Release|Any CPU
	EndGlobalSection
	GlobalSection(SolutionProperties) = preSolution
		HideSolutionNode = FALSE
	EndGlobalSection
	GlobalSection(ExtensibilityGlobals) = postSolution
		SolutionGuid = {572D6CDC-09B7-466F-92AE-D03A754E729B}
	EndGlobalSection
EndGlobal
